
Microsoft Visual Studio Solution File, Format Version 12.00
Project("{FAE04EC0-301F-11D3-BF4B-00C04F79EFBC}") = "CsvApp", "CsvApp\CsvApp.csproj", "{06ECB57E-3DD6-4C85-88E3-EE1D0002E910}"
EndProject
Project("{FAE04EC0-301F-11D3-BF4B-00C04F79EFBC}") = "CsvLibrary", "CsvLibrary\CsvLibrary.csproj", "{4FEF956B-479F-4411-A3CE-143F3FA73EB9}"
EndProject
Global
	GlobalSection(SolutionConfigurationPlatforms) = preSolution
		Debug|Any CPU = Debug|Any CPU
		Release|Any CPU = Release|Any CPU
	EndGlobalSection
	GlobalSection(ProjectConfigurationPlatforms) = postSolution
		{06ECB57E-3DD6-4C85-88E3-EE1D0002E910}.Debug|Any CPU.ActiveCfg = Debug|Any CPU
		{06ECB57E-3DD6-4C85-88E3-EE1D0002E910}.Debug|Any CPU.Build.0 = Debug|Any CPU
		{06ECB57E-3DD6-4C85-88E3-EE1D0002E910}.Release|Any CPU.ActiveCfg = Release|Any CPU
		{06ECB57E-3DD6-4C85-88E3-EE1D0002E910}.Release|Any CPU.Build.0 = Release|Any CPU
		{4FEF956B-479F-4411-A3CE-143F3FA73EB9}.Debug|Any CPU.ActiveCfg = Debug|Any CPU
		{4FEF956B-479F-4411-A3CE-143F3FA73EB9}.Debug|Any CPU.Build.0 = Debug|Any CPU
		{4FEF956B-479F-4411-A3CE-143F3FA73EB9}.Release|Any CPU.ActiveCfg = Release|Any CPU
		{4FEF956B-479F-4411-A3CE-143F3FA73EB9}.Release|Any CPU.Build.0 = Release|Any CPU
	EndGlobalSection
EndGlobal
